
Microsoft Visual Studio Solution File, Format Version 12.00
# Visual Studio Version 16
VisualStudioVersion = 16.0.32228.343
MinimumVisualStudioVersion = 10.0.40219.1
Project("{888888A0-9F3D-457C-B088-3A5042F75D52}") = "第四题 绘制公路轮廓与黄线", "第四题 绘制公路轮廓与黄线.pyproj", "{D655EAFC-32C1-45B2-84D4-1D45EA372A50}"
EndProject
Global
	GlobalSection(SolutionConfigurationPlatforms) = preSolution
		Debug|Any CPU = Debug|Any CPU
		Release|Any CPU = Release|Any CPU
	EndGlobalSection
	GlobalSection(ProjectConfigurationPlatforms) = postSolution
		{D655EAFC-32C1-45B2-84D4-1D45EA372A50}.Debug|Any CPU.ActiveCfg = Debug|Any CPU
		{D655EAFC-32C1-45B2-84D4-1D45EA372A50}.Release|Any CPU.ActiveCfg = Release|Any CPU
	EndGlobalSection
	GlobalSection(SolutionProperties) = preSolution
		HideSolutionNode = FALSE
	EndGlobalSection
	GlobalSection(ExtensibilityGlobals) = postSolution
		SolutionGuid = {E753173F-DB9F-4879-B06E-B154CE8DE9EA}
	EndGlobalSection
EndGlobal
